
Microsoft Visual Studio Solution File, Format Version 12.00
# Visual Studio Version 16
VisualStudioVersion = 16.0.28803.156
MinimumVisualStudioVersion = 10.0.40219.1
Project("{9A19103F-16F7-4668-BE54-9A1E7A4F7556}") = "NetCoreClient", "src\NetCoreClient\NetCoreClient.csproj", "{BF10F5C0-A729-411F-AA23-CF78DED21859}"
	ProjectSection(ProjectDependencies) = postProject
		{D41E5CC8-3251-4998-88DD-2C1E23C6B51C} = {D41E5CC8-3251-4998-88DD-2C1E23C6B51C}
	EndProjectSection
EndProject
Project("{2150E333-8FDC-42A3-9474-1A3956D46DE8}") = "src", "src", "{61AAE071-CD24-4F23-95F3-AF2B31AEAA94}"
EndProject
Project("{9A19103F-16F7-4668-BE54-9A1E7A4F7556}") = "Gordian.DataApi", "src\Gordian.DataApi\Gordian.DataApi.csproj", "{D41E5CC8-3251-4998-88DD-2C1E23C6B51C}"
EndProject
Project("{FAE04EC0-301F-11D3-BF4B-00C04F79EFBC}") = "NetFrameworkClient", "src\NetFrameworkClient\NetFrameworkClient.csproj", "{D46D7B4C-DB74-4A36-84B8-1C390A7F48C0}"
EndProject
Global
	GlobalSection(SolutionConfigurationPlatforms) = preSolution
		Debug|Any CPU = Debug|Any CPU
		Release|Any CPU = Release|Any CPU
	EndGlobalSection
	GlobalSection(ProjectConfigurationPlatforms) = postSolution
		{BF10F5C0-A729-411F-AA23-CF78DED21859}.Debug|Any CPU.ActiveCfg = Debug|Any CPU
		{BF10F5C0-A729-411F-AA23-CF78DED21859}.Debug|Any CPU.Build.0 = Debug|Any CPU
		{BF10F5C0-A729-411F-AA23-CF78DED21859}.Release|Any CPU.ActiveCfg = Release|Any CPU
		{BF10F5C0-A729-411F-AA23-CF78DED21859}.Release|Any CPU.Build.0 = Release|Any CPU
		{D41E5CC8-3251-4998-88DD-2C1E23C6B51C}.Debug|Any CPU.ActiveCfg = Debug|Any CPU
		{D41E5CC8-3251-4998-88DD-2C1E23C6B51C}.Debug|Any CPU.Build.0 = Debug|Any CPU
		{D41E5CC8-3251-4998-88DD-2C1E23C6B51C}.Release|Any CPU.ActiveCfg = Release|Any CPU
		{D41E5CC8-3251-4998-88DD-2C1E23C6B51C}.Release|Any CPU.Build.0 = Release|Any CPU
		{D46D7B4C-DB74-4A36-84B8-1C390A7F48C0}.Debug|Any CPU.ActiveCfg = Debug|Any CPU
		{D46D7B4C-DB74-4A36-84B8-1C390A7F48C0}.Debug|Any CPU.Build.0 = Debug|Any CPU
		{D46D7B4C-DB74-4A36-84B8-1C390A7F48C0}.Release|Any CPU.ActiveCfg = Release|Any CPU
		{D46D7B4C-DB74-4A36-84B8-1C390A7F48C0}.Release|Any CPU.Build.0 = Release|Any CPU
	EndGlobalSection
	GlobalSection(SolutionProperties) = preSolution
		HideSolutionNode = FALSE
	EndGlobalSection
	GlobalSection(NestedProjects) = preSolution
		{BF10F5C0-A729-411F-AA23-CF78DED21859} = {61AAE071-CD24-4F23-95F3-AF2B31AEAA94}
		{D41E5CC8-3251-4998-88DD-2C1E23C6B51C} = {61AAE071-CD24-4F23-95F3-AF2B31AEAA94}
		{D46D7B4C-DB74-4A36-84B8-1C390A7F48C0} = {61AAE071-CD24-4F23-95F3-AF2B31AEAA94}
	EndGlobalSection
	GlobalSection(ExtensibilityGlobals) = postSolution
		SolutionGuid = {1F07CD42-E6C9-4C6B-BB76-A9B78851A3D0}
	EndGlobalSection
EndGlobal
